
Microsoft Visual Studio Solution File, Format Version 12.00
# Visual Studio 15
VisualStudioVersion = 15.0.27428.2005
MinimumVisualStudioVersion = 10.0.40219.1
Project("{FAE04EC0-301F-11D3-BF4B-00C04F79EFBC}") = "AppMatriz", "AppMatriz\AppMatriz.csproj", "{67C2231A-3ECF-4B92-8C56-CF4C2CA7986C}"
EndProject
Global
	GlobalSection(SolutionConfigurationPlatforms) = preSolution
		Debug|Any CPU = Debug|Any CPU
		Release|Any CPU = Release|Any CPU
	EndGlobalSection
	GlobalSection(ProjectConfigurationPlatforms) = postSolution
		{67C2231A-3ECF-4B92-8C56-CF4C2CA7986C}.Debug|Any CPU.ActiveCfg = Debug|Any CPU
		{67C2231A-3ECF-4B92-8C56-CF4C2CA7986C}.Debug|Any CPU.Build.0 = Debug|Any CPU
		{67C2231A-3ECF-4B92-8C56-CF4C2CA7986C}.Release|Any CPU.ActiveCfg = Release|Any CPU
		{67C2231A-3ECF-4B92-8C56-CF4C2CA7986C}.Release|Any CPU.Build.0 = Release|Any CPU
	EndGlobalSection
	GlobalSection(SolutionProperties) = preSolution
		HideSolutionNode = FALSE
	EndGlobalSection
	GlobalSection(ExtensibilityGlobals) = postSolution
		SolutionGuid = {5DCBBDA2-F259-406C-AF03-B9536F1B2B54}
	EndGlobalSection
EndGlobal
